
Microsoft Visual Studio Solution File, Format Version 12.00
# Visual Studio 14
VisualStudioVersion = 14.0.25420.1
MinimumVisualStudioVersion = 10.0.40219.1
Project("{2150E333-8FDC-42A3-9474-1A3956D46DE8}") = "Solution Items", "Solution Items", "{1F89AD64-AB4A-44C1-BC9E-03E2AD00B081}"
	ProjectSection(SolutionItems) = preProject
		appveyor.yml = appveyor.yml
		LICENSE = LICENSE
		README.md = README.md
	EndProjectSection
EndProject
Project("{FAE04EC0-301F-11D3-BF4B-00C04F79EFBC}") = "NLog.xLogger.Tests", "NLog.xLogger.Tests\NLog.xLogger.Tests.csproj", "{12DD0308-7574-4266-9959-89E8155BD843}"
EndProject
Project("{FAE04EC0-301F-11D3-BF4B-00C04F79EFBC}") = "NLog.xLogger", "NLog.xLogger\NLog.xLogger.csproj", "{A54D735A-F56B-4CAF-8F53-E90F0DC8475A}"
EndProject
Project("{FAE04EC0-301F-11D3-BF4B-00C04F79EFBC}") = "Examples", "Examples\Examples.csproj", "{25104513-A40B-47EA-B0B5-BDA279AB78D3}"
EndProject
Global
	GlobalSection(SolutionConfigurationPlatforms) = preSolution
		Debug|Any CPU = Debug|Any CPU
		Release|Any CPU = Release|Any CPU
	EndGlobalSection
	GlobalSection(ProjectConfigurationPlatforms) = postSolution
		{12DD0308-7574-4266-9959-89E8155BD843}.Debug|Any CPU.ActiveCfg = Debug|Any CPU
		{12DD0308-7574-4266-9959-89E8155BD843}.Debug|Any CPU.Build.0 = Debug|Any CPU
		{12DD0308-7574-4266-9959-89E8155BD843}.Release|Any CPU.ActiveCfg = Release|Any CPU
		{12DD0308-7574-4266-9959-89E8155BD843}.Release|Any CPU.Build.0 = Release|Any CPU
		{A54D735A-F56B-4CAF-8F53-E90F0DC8475A}.Debug|Any CPU.ActiveCfg = Debug|Any CPU
		{A54D735A-F56B-4CAF-8F53-E90F0DC8475A}.Debug|Any CPU.Build.0 = Debug|Any CPU
		{A54D735A-F56B-4CAF-8F53-E90F0DC8475A}.Release|Any CPU.ActiveCfg = Release|Any CPU
		{A54D735A-F56B-4CAF-8F53-E90F0DC8475A}.Release|Any CPU.Build.0 = Release|Any CPU
		{25104513-A40B-47EA-B0B5-BDA279AB78D3}.Debug|Any CPU.ActiveCfg = Debug|Any CPU
		{25104513-A40B-47EA-B0B5-BDA279AB78D3}.Debug|Any CPU.Build.0 = Debug|Any CPU
		{25104513-A40B-47EA-B0B5-BDA279AB78D3}.Release|Any CPU.ActiveCfg = Release|Any CPU
		{25104513-A40B-47EA-B0B5-BDA279AB78D3}.Release|Any CPU.Build.0 = Release|Any CPU
	EndGlobalSection
	GlobalSection(SolutionProperties) = preSolution
		HideSolutionNode = FALSE
	EndGlobalSection
EndGlobal
